
Microsoft Visual Studio Solution File, Format Version 12.00
# Visual Studio Version 18
VisualStudioVersion = 18.0.11012.119 d18.0
MinimumVisualStudioVersion = 10.0.40219.1
Project("{2150E333-8FDC-42A3-9474-1A3956D46DE8}") = "src", "src", "{02EA681E-C7D8-13C7-8484-4AC65E1B71E8}"
EndProject
Project("{2150E333-8FDC-42A3-9474-1A3956D46DE8}") = "01 - Api", "01 - Api", "{164165F7-3E7A-4971-BAE5-0C94922F797B}"
EndProject
Project("{2150E333-8FDC-42A3-9474-1A3956D46DE8}") = "02 - Application", "02 - Application", "{3971FE76-FA05-4E2B-BFE8-E7BF64C475C1}"
EndProject
Project("{FAE04EC0-301F-11D3-BF4B-00C04F79EFBC}") = "Rentifyx.Clients.Application", "src\02 - Application\Rentifyx-Clients.Application\Rentifyx.Clients.Application.csproj", "{C83E624D-683B-4561-97BC-A7B3C1EFD552}"
EndProject
Project("{2150E333-8FDC-42A3-9474-1A3956D46DE8}") = "03 - Domain", "03 - Domain", "{36928E95-15B1-4869-8359-E8FC5E4816A1}"
EndProject
Project("{FAE04EC0-301F-11D3-BF4B-00C04F79EFBC}") = "Rentifyx.Clients.Domain", "src\03 - Domain\Rentifyx-Clients.Domain\Rentifyx.Clients.Domain.csproj", "{B6EEF6BC-5681-4004-BDB6-5852BA918AC8}"
EndProject
Project("{2150E333-8FDC-42A3-9474-1A3956D46DE8}") = "04 - Exception", "04 - Exception", "{CE351F44-D06C-4906-8C69-08E9E65B6FFB}"
EndProject
Project("{2150E333-8FDC-42A3-9474-1A3956D46DE8}") = "05 - IoC", "05 - IoC", "{FF3F5261-0D71-4CCD-925B-D7A6AC900068}"
EndProject
Project("{FAE04EC0-301F-11D3-BF4B-00C04F79EFBC}") = "Rentifyx.Clients.IoC", "src\05 - IoC\Rentifyx-Clients.IoC\Rentifyx.Clients.IoC.csproj", "{C410314C-69E4-4294-A814-25E3CFBD0F96}"
EndProject
Project("{FAE04EC0-301F-11D3-BF4B-00C04F79EFBC}") = "Rentifyx.Clients.Exception", "src\04 - Exception\Rentifyx-Clients.Exception\Rentifyx.Clients.Exception.csproj", "{F0E59DB5-0EEF-4AE6-8211-8BB3138596EB}"
EndProject
Project("{2150E333-8FDC-42A3-9474-1A3956D46DE8}") = "06 - Infrastructure", "06 - Infrastructure", "{3F196A7D-A22A-4DA3-8500-702AB0F1F398}"
EndProject
Project("{FAE04EC0-301F-11D3-BF4B-00C04F79EFBC}") = "Rentifyx.Clients.Infrastructure", "src\06 - Infrastructure\Rentifyx-Clients.Infrastructure\Rentifyx.Clients.Infrastructure.csproj", "{EF765024-BAC6-441D-8952-6B9AD3F83CDA}"
EndProject
Project("{2150E333-8FDC-42A3-9474-1A3956D46DE8}") = "iac", "iac", "{3A0B27ED-1A2A-4E01-9B59-086D9123DF7C}"
EndProject
Project("{2150E333-8FDC-42A3-9474-1A3956D46DE8}") = "tests", "tests", "{7C6E3D9B-EDC7-4092-9643-1B6C1BB21E25}"
EndProject
Project("{2150E333-8FDC-42A3-9474-1A3956D46DE8}") = "01 - CommomTestUtilities", "01 - CommomTestUtilities", "{0ABBD9F6-068A-4696-B4E1-B83303BF1509}"
EndProject
Project("{2150E333-8FDC-42A3-9474-1A3956D46DE8}") = "02 - Validators", "02 - Validators", "{4DB55BCD-A392-4E32-9E3B-CDE617095E17}"
EndProject
Project("{2150E333-8FDC-42A3-9474-1A3956D46DE8}") = "03 - Handlers", "03 - Handlers", "{EC39CA9E-4DB6-4747-9504-C5930713912B}"
EndProject
Project("{2150E333-8FDC-42A3-9474-1A3956D46DE8}") = "04 - Integration", "04 - Integration", "{70647C6F-53DE-4C9B-886F-1433804A07BD}"
EndProject
Project("{FAE04EC0-301F-11D3-BF4B-00C04F79EFBC}") = "CommomTestUtilities", "tests\CommomTestUtilities\CommomTestUtilities\CommomTestUtilities.csproj", "{2F13B23E-B5F4-4610-A866-E33514D5B048}"
EndProject
Project("{FAE04EC0-301F-11D3-BF4B-00C04F79EFBC}") = "Validators.Test", "tests\Validators\Validators.Test\Validators.Test.csproj", "{1535E58C-8CD7-4748-941A-E58DD76D97CF}"
EndProject
Project("{FAE04EC0-301F-11D3-BF4B-00C04F79EFBC}") = "UseCases.Test", "tests\UseCases\UseCases.Test\UseCases.Test.csproj", "{7D0167E7-40FC-4A79-8EDE-272A70DA81FA}"
EndProject
Project("{FAE04EC0-301F-11D3-BF4B-00C04F79EFBC}") = "Integration.Test", "tests\Integration\Integration.Test\Integration.Test.csproj", "{D20C9864-0C70-42E0-B613-AF533949796A}"
EndProject
Project("{2150E333-8FDC-42A3-9474-1A3956D46DE8}") = "solution-items", "solution-items", "{B51CC353-7EB2-47BA-B0D8-B949954451F2}"
	ProjectSection(SolutionItems) = preProject
		.editorconfig = .editorconfig
		Directory.Build.props = Directory.Build.props
		Directory.Packages.props = Directory.Packages.props
	EndProjectSection
EndProject
Project("{FAE04EC0-301F-11D3-BF4B-00C04F79EFBC}") = "Rentityx.Clients.ApiService", "src\01 - Api\Rentityx-Clients\Rentityx-Clients.ApiService\Rentityx.Clients.ApiService.csproj", "{B977999B-2E8C-13CE-F268-7DFB6283FEFF}"
EndProject
Project("{FAE04EC0-301F-11D3-BF4B-00C04F79EFBC}") = "Rentityx.Clients.AppHost", "src\01 - Api\Rentityx-Clients\Rentityx-Clients.AppHost\Rentityx.Clients.AppHost.csproj", "{5E5ACBEC-41CD-9169-8878-2B3BC426E4FB}"
EndProject
Project("{FAE04EC0-301F-11D3-BF4B-00C04F79EFBC}") = "Rentityx.Clients.ServiceDefaults", "src\01 - Api\Rentityx-Clients\Rentityx-Clients.ServiceDefaults\Rentityx.Clients.ServiceDefaults.csproj", "{7BF7A555-D877-4E6D-6713-3669AC4D909B}"
EndProject
Global
	GlobalSection(SolutionConfigurationPlatforms) = preSolution
		Debug|Any CPU = Debug|Any CPU
		Release|Any CPU = Release|Any CPU
	EndGlobalSection
	GlobalSection(ProjectConfigurationPlatforms) = postSolution
		{C83E624D-683B-4561-97BC-A7B3C1EFD552}.Debug|Any CPU.ActiveCfg = Debug|Any CPU
		{C83E624D-683B-4561-97BC-A7B3C1EFD552}.Debug|Any CPU.Build.0 = Debug|Any CPU
		{C83E624D-683B-4561-97BC-A7B3C1EFD552}.Release|Any CPU.ActiveCfg = Release|Any CPU
		{C83E624D-683B-4561-97BC-A7B3C1EFD552}.Release|Any CPU.Build.0 = Release|Any CPU
		{B6EEF6BC-5681-4004-BDB6-5852BA918AC8}.Debug|Any CPU.ActiveCfg = Debug|Any CPU
		{B6EEF6BC-5681-4004-BDB6-5852BA918AC8}.Debug|Any CPU.Build.0 = Debug|Any CPU
		{B6EEF6BC-5681-4004-BDB6-5852BA918AC8}.Release|Any CPU.ActiveCfg = Release|Any CPU
		{B6EEF6BC-5681-4004-BDB6-5852BA918AC8}.Release|Any CPU.Build.0 = Release|Any CPU
		{C410314C-69E4-4294-A814-25E3CFBD0F96}.Debug|Any CPU.ActiveCfg = Debug|Any CPU
		{C410314C-69E4-4294-A814-25E3CFBD0F96}.Debug|Any CPU.Build.0 = Debug|Any CPU
		{C410314C-69E4-4294-A814-25E3CFBD0F96}.Release|Any CPU.ActiveCfg = Release|Any CPU
		{C410314C-69E4-4294-A814-25E3CFBD0F96}.Release|Any CPU.Build.0 = Release|Any CPU
		{F0E59DB5-0EEF-4AE6-8211-8BB3138596EB}.Debug|Any CPU.ActiveCfg = Debug|Any CPU
		{F0E59DB5-0EEF-4AE6-8211-8BB3138596EB}.Debug|Any CPU.Build.0 = Debug|Any CPU
		{F0E59DB5-0EEF-4AE6-8211-8BB3138596EB}.Release|Any CPU.ActiveCfg = Release|Any CPU
		{F0E59DB5-0EEF-4AE6-8211-8BB3138596EB}.Release|Any CPU.Build.0 = Release|Any CPU
		{EF765024-BAC6-441D-8952-6B9AD3F83CDA}.Debug|Any CPU.ActiveCfg = Debug|Any CPU
		{EF765024-BAC6-441D-8952-6B9AD3F83CDA}.Debug|Any CPU.Build.0 = Debug|Any CPU
		{EF765024-BAC6-441D-8952-6B9AD3F83CDA}.Release|Any CPU.ActiveCfg = Release|Any CPU
		{EF765024-BAC6-441D-8952-6B9AD3F83CDA}.Release|Any CPU.Build.0 = Release|Any CPU
		{2F13B23E-B5F4-4610-A866-E33514D5B048}.Debug|Any CPU.ActiveCfg = Debug|Any CPU
		{2F13B23E-B5F4-4610-A866-E33514D5B048}.Debug|Any CPU.Build.0 = Debug|Any CPU
		{2F13B23E-B5F4-4610-A866-E33514D5B048}.Release|Any CPU.ActiveCfg = Release|Any CPU
		{2F13B23E-B5F4-4610-A866-E33514D5B048}.Release|Any CPU.Build.0 = Release|Any CPU
		{1535E58C-8CD7-4748-941A-E58DD76D97CF}.Debug|Any CPU.ActiveCfg = Debug|Any CPU
		{1535E58C-8CD7-4748-941A-E58DD76D97CF}.Debug|Any CPU.Build.0 = Debug|Any CPU
		{1535E58C-8CD7-4748-941A-E58DD76D97CF}.Release|Any CPU.ActiveCfg = Release|Any CPU
		{1535E58C-8CD7-4748-941A-E58DD76D97CF}.Release|Any CPU.Build.0 = Release|Any CPU
		{7D0167E7-40FC-4A79-8EDE-272A70DA81FA}.Debug|Any CPU.ActiveCfg = Debug|Any CPU
		{7D0167E7-40FC-4A79-8EDE-272A70DA81FA}.Debug|Any CPU.Build.0 = Debug|Any CPU
		{7D0167E7-40FC-4A79-8EDE-272A70DA81FA}.Release|Any CPU.ActiveCfg = Release|Any CPU
		{7D0167E7-40FC-4A79-8EDE-272A70DA81FA}.Release|Any CPU.Build.0 = Release|Any CPU
		{D20C9864-0C70-42E0-B613-AF533949796A}.Debug|Any CPU.ActiveCfg = Debug|Any CPU
		{D20C9864-0C70-42E0-B613-AF533949796A}.Debug|Any CPU.Build.0 = Debug|Any CPU
		{D20C9864-0C70-42E0-B613-AF533949796A}.Release|Any CPU.ActiveCfg = Release|Any CPU
		{D20C9864-0C70-42E0-B613-AF533949796A}.Release|Any CPU.Build.0 = Release|Any CPU
		{B977999B-2E8C-13CE-F268-7DFB6283FEFF}.Debug|Any CPU.ActiveCfg = Debug|Any CPU
		{B977999B-2E8C-13CE-F268-7DFB6283FEFF}.Debug|Any CPU.Build.0 = Debug|Any CPU
		{B977999B-2E8C-13CE-F268-7DFB6283FEFF}.Release|Any CPU.ActiveCfg = Release|Any CPU
		{B977999B-2E8C-13CE-F268-7DFB6283FEFF}.Release|Any CPU.Build.0 = Release|Any CPU
		{5E5ACBEC-41CD-9169-8878-2B3BC426E4FB}.Debug|Any CPU.ActiveCfg = Debug|Any CPU
		{5E5ACBEC-41CD-9169-8878-2B3BC426E4FB}.Debug|Any CPU.Build.0 = Debug|Any CPU
		{5E5ACBEC-41CD-9169-8878-2B3BC426E4FB}.Release|Any CPU.ActiveCfg = Release|Any CPU
		{5E5ACBEC-41CD-9169-8878-2B3BC426E4FB}.Release|Any CPU.Build.0 = Release|Any CPU
		{7BF7A555-D877-4E6D-6713-3669AC4D909B}.Debug|Any CPU.ActiveCfg = Debug|Any CPU
		{7BF7A555-D877-4E6D-6713-3669AC4D909B}.Debug|Any CPU.Build.0 = Debug|Any CPU
		{7BF7A555-D877-4E6D-6713-3669AC4D909B}.Release|Any CPU.ActiveCfg = Release|Any CPU
		{7BF7A555-D877-4E6D-6713-3669AC4D909B}.Release|Any CPU.Build.0 = Release|Any CPU
	EndGlobalSection
	GlobalSection(SolutionProperties) = preSolution
		HideSolutionNode = FALSE
	EndGlobalSection
	GlobalSection(NestedProjects) = preSolution
		{164165F7-3E7A-4971-BAE5-0C94922F797B} = {02EA681E-C7D8-13C7-8484-4AC65E1B71E8}
		{3971FE76-FA05-4E2B-BFE8-E7BF64C475C1} = {02EA681E-C7D8-13C7-8484-4AC65E1B71E8}
		{C83E624D-683B-4561-97BC-A7B3C1EFD552} = {3971FE76-FA05-4E2B-BFE8-E7BF64C475C1}
		{36928E95-15B1-4869-8359-E8FC5E4816A1} = {02EA681E-C7D8-13C7-8484-4AC65E1B71E8}
		{B6EEF6BC-5681-4004-BDB6-5852BA918AC8} = {36928E95-15B1-4869-8359-E8FC5E4816A1}
		{CE351F44-D06C-4906-8C69-08E9E65B6FFB} = {02EA681E-C7D8-13C7-8484-4AC65E1B71E8}
		{FF3F5261-0D71-4CCD-925B-D7A6AC900068} = {02EA681E-C7D8-13C7-8484-4AC65E1B71E8}
		{C410314C-69E4-4294-A814-25E3CFBD0F96} = {FF3F5261-0D71-4CCD-925B-D7A6AC900068}
		{F0E59DB5-0EEF-4AE6-8211-8BB3138596EB} = {CE351F44-D06C-4906-8C69-08E9E65B6FFB}
		{3F196A7D-A22A-4DA3-8500-702AB0F1F398} = {02EA681E-C7D8-13C7-8484-4AC65E1B71E8}
		{EF765024-BAC6-441D-8952-6B9AD3F83CDA} = {3F196A7D-A22A-4DA3-8500-702AB0F1F398}
		{0ABBD9F6-068A-4696-B4E1-B83303BF1509} = {7C6E3D9B-EDC7-4092-9643-1B6C1BB21E25}
		{4DB55BCD-A392-4E32-9E3B-CDE617095E17} = {7C6E3D9B-EDC7-4092-9643-1B6C1BB21E25}
		{EC39CA9E-4DB6-4747-9504-C5930713912B} = {7C6E3D9B-EDC7-4092-9643-1B6C1BB21E25}
		{70647C6F-53DE-4C9B-886F-1433804A07BD} = {7C6E3D9B-EDC7-4092-9643-1B6C1BB21E25}
		{2F13B23E-B5F4-4610-A866-E33514D5B048} = {0ABBD9F6-068A-4696-B4E1-B83303BF1509}
		{1535E58C-8CD7-4748-941A-E58DD76D97CF} = {4DB55BCD-A392-4E32-9E3B-CDE617095E17}
		{7D0167E7-40FC-4A79-8EDE-272A70DA81FA} = {EC39CA9E-4DB6-4747-9504-C5930713912B}
		{D20C9864-0C70-42E0-B613-AF533949796A} = {70647C6F-53DE-4C9B-886F-1433804A07BD}
		{B977999B-2E8C-13CE-F268-7DFB6283FEFF} = {164165F7-3E7A-4971-BAE5-0C94922F797B}
		{5E5ACBEC-41CD-9169-8878-2B3BC426E4FB} = {164165F7-3E7A-4971-BAE5-0C94922F797B}
		{7BF7A555-D877-4E6D-6713-3669AC4D909B} = {164165F7-3E7A-4971-BAE5-0C94922F797B}
	EndGlobalSection
	GlobalSection(ExtensibilityGlobals) = postSolution
		SolutionGuid = {26DD9EA5-4F5E-4B91-97AC-DC6F1DAB598C}
	EndGlobalSection
EndGlobal
