
Microsoft Visual Studio Solution File, Format Version 12.00
# Visual Studio Version 18
VisualStudioVersion = 18.0.11012.119
MinimumVisualStudioVersion = 10.0.40219.1
Project("{2150E333-8FDC-42A3-9474-1A3956D46DE8}") = "src", "src", "{02EA681E-C7D8-13C7-8484-4AC65E1B71E8}"
EndProject
Project("{2150E333-8FDC-42A3-9474-1A3956D46DE8}") = "01 - Api", "01 - Api", "{164165F7-3E7A-4971-BAE5-0C94922F797B}"
EndProject
Project("{2150E333-8FDC-42A3-9474-1A3956D46DE8}") = "02 - Application", "02 - Application", "{3971FE76-FA05-4E2B-BFE8-E7BF64C475C1}"
EndProject
Project("{2150E333-8FDC-42A3-9474-1A3956D46DE8}") = "03 - Domain", "03 - Domain", "{36928E95-15B1-4869-8359-E8FC5E4816A1}"
EndProject
Project("{2150E333-8FDC-42A3-9474-1A3956D46DE8}") = "04 - Exception", "04 - Exception", "{CE351F44-D06C-4906-8C69-08E9E65B6FFB}"
EndProject
Project("{2150E333-8FDC-42A3-9474-1A3956D46DE8}") = "05 - IoC", "05 - IoC", "{FF3F5261-0D71-4CCD-925B-D7A6AC900068}"
EndProject
Project("{2150E333-8FDC-42A3-9474-1A3956D46DE8}") = "06 - Infrastructure", "06 - Infrastructure", "{3F196A7D-A22A-4DA3-8500-702AB0F1F398}"
EndProject
Project("{2150E333-8FDC-42A3-9474-1A3956D46DE8}") = "tests", "tests", "{7C6E3D9B-EDC7-4092-9643-1B6C1BB21E25}"
EndProject
Project("{2150E333-8FDC-42A3-9474-1A3956D46DE8}") = "01 - CommomTestUtilities", "01 - CommomTestUtilities", "{0ABBD9F6-068A-4696-B4E1-B83303BF1509}"
EndProject
Project("{2150E333-8FDC-42A3-9474-1A3956D46DE8}") = "02 - Validators", "02 - Validators", "{4DB55BCD-A392-4E32-9E3B-CDE617095E17}"
EndProject
Project("{2150E333-8FDC-42A3-9474-1A3956D46DE8}") = "03 - Handlers", "03 - Handlers", "{EC39CA9E-4DB6-4747-9504-C5930713912B}"
EndProject
Project("{FAE04EC0-301F-11D3-BF4B-00C04F79EFBC}") = "CommomTestUtilities", "tests\CommomTestUtilities\CommomTestUtilities\CommomTestUtilities.csproj", "{2F13B23E-B5F4-4610-A866-E33514D5B048}"
EndProject
Project("{FAE04EC0-301F-11D3-BF4B-00C04F79EFBC}") = "Validators.Test", "tests\Validators\Validators.Test\Validators.Test.csproj", "{1535E58C-8CD7-4748-941A-E58DD76D97CF}"
EndProject
Project("{2150E333-8FDC-42A3-9474-1A3956D46DE8}") = "solution-items", "solution-items", "{B51CC353-7EB2-47BA-B0D8-B949954451F2}"
	ProjectSection(SolutionItems) = preProject
		.editorconfig = .editorconfig
		Directory.Build.props = Directory.Build.props
		Directory.Packages.props = Directory.Packages.props
	EndProjectSection
EndProject
Project("{FAE04EC0-301F-11D3-BF4B-00C04F79EFBC}") = "Handlers.Test", "tests\Handlers\Handlers.Test\Handlers.Test.csproj", "{AD0B5F3C-6B8C-460F-6A5D-929777EEA60A}"
EndProject
Project("{FAE04EC0-301F-11D3-BF4B-00C04F79EFBC}") = "Rentifyx.Users.ApiService", "src\01 - Api\Rentityx.Users\Rentityx.Users.ApiService\Rentifyx.Users.ApiService.csproj", "{22034D69-FEFC-4A21-1895-7E0A4DC959B8}"
EndProject
Project("{FAE04EC0-301F-11D3-BF4B-00C04F79EFBC}") = "Rentifyx.Users.AppHost", "src\01 - Api\Rentityx.Users\Rentityx.Users.AppHost\Rentifyx.Users.AppHost.csproj", "{5894DFEC-EF61-2480-9DAA-21D1A8B78C71}"
EndProject
Project("{FAE04EC0-301F-11D3-BF4B-00C04F79EFBC}") = "Rentifyx.Users.ServiceDefaults", "src\01 - Api\Rentityx.Users\Rentityx.Users.ServiceDefaults\Rentifyx.Users.ServiceDefaults.csproj", "{8DCF8FE3-CDA6-A804-E9B9-51B9C3B35FE2}"
EndProject
Project("{FAE04EC0-301F-11D3-BF4B-00C04F79EFBC}") = "Rentifyx.Users.Application", "src\02 - Application\Rentifyx.Users.Application\Rentifyx.Users.Application.csproj", "{9316BD32-A26D-CC36-9E4B-83FE24D5BA39}"
EndProject
Project("{FAE04EC0-301F-11D3-BF4B-00C04F79EFBC}") = "Rentifyx.Users.Domain", "src\03 - Domain\Rentifyx.Users.Domain\Rentifyx.Users.Domain.csproj", "{6422DC23-783E-65F1-9EFC-9C43920F84FC}"
EndProject
Project("{FAE04EC0-301F-11D3-BF4B-00C04F79EFBC}") = "Rentifyx.Users.Exceptions", "src\04 - Exception\Rentifyx.Users.Exception\Rentifyx.Users.Exceptions.csproj", "{11345785-5597-A690-39DA-264BBB618C10}"
EndProject
Project("{FAE04EC0-301F-11D3-BF4B-00C04F79EFBC}") = "Rentifyx.Users.IoC", "src\05 - IoC\Rentifyx.Users.IoC\Rentifyx.Users.IoC.csproj", "{CE1CB3BD-25DA-537B-7098-DF1B7706A37B}"
EndProject
Project("{FAE04EC0-301F-11D3-BF4B-00C04F79EFBC}") = "Rentifyx.Users.Infrastructure", "src\06 - Infrastructure\Rentifyx.Users.Infrastructure\Rentifyx.Users.Infrastructure.csproj", "{DCAC4727-3D8E-B422-324E-07FEE04F15BF}"
EndProject
Global
	GlobalSection(SolutionConfigurationPlatforms) = preSolution
		Debug|Any CPU = Debug|Any CPU
		Release|Any CPU = Release|Any CPU
	EndGlobalSection
	GlobalSection(ProjectConfigurationPlatforms) = postSolution
		{2F13B23E-B5F4-4610-A866-E33514D5B048}.Debug|Any CPU.ActiveCfg = Debug|Any CPU
		{2F13B23E-B5F4-4610-A866-E33514D5B048}.Debug|Any CPU.Build.0 = Debug|Any CPU
		{2F13B23E-B5F4-4610-A866-E33514D5B048}.Release|Any CPU.ActiveCfg = Release|Any CPU
		{2F13B23E-B5F4-4610-A866-E33514D5B048}.Release|Any CPU.Build.0 = Release|Any CPU
		{1535E58C-8CD7-4748-941A-E58DD76D97CF}.Debug|Any CPU.ActiveCfg = Debug|Any CPU
		{1535E58C-8CD7-4748-941A-E58DD76D97CF}.Debug|Any CPU.Build.0 = Debug|Any CPU
		{1535E58C-8CD7-4748-941A-E58DD76D97CF}.Release|Any CPU.ActiveCfg = Release|Any CPU
		{1535E58C-8CD7-4748-941A-E58DD76D97CF}.Release|Any CPU.Build.0 = Release|Any CPU
		{AD0B5F3C-6B8C-460F-6A5D-929777EEA60A}.Debug|Any CPU.ActiveCfg = Debug|Any CPU
		{AD0B5F3C-6B8C-460F-6A5D-929777EEA60A}.Debug|Any CPU.Build.0 = Debug|Any CPU
		{AD0B5F3C-6B8C-460F-6A5D-929777EEA60A}.Release|Any CPU.ActiveCfg = Release|Any CPU
		{AD0B5F3C-6B8C-460F-6A5D-929777EEA60A}.Release|Any CPU.Build.0 = Release|Any CPU
		{22034D69-FEFC-4A21-1895-7E0A4DC959B8}.Debug|Any CPU.ActiveCfg = Debug|Any CPU
		{22034D69-FEFC-4A21-1895-7E0A4DC959B8}.Debug|Any CPU.Build.0 = Debug|Any CPU
		{22034D69-FEFC-4A21-1895-7E0A4DC959B8}.Release|Any CPU.ActiveCfg = Release|Any CPU
		{22034D69-FEFC-4A21-1895-7E0A4DC959B8}.Release|Any CPU.Build.0 = Release|Any CPU
		{5894DFEC-EF61-2480-9DAA-21D1A8B78C71}.Debug|Any CPU.ActiveCfg = Debug|Any CPU
		{5894DFEC-EF61-2480-9DAA-21D1A8B78C71}.Debug|Any CPU.Build.0 = Debug|Any CPU
		{5894DFEC-EF61-2480-9DAA-21D1A8B78C71}.Release|Any CPU.ActiveCfg = Release|Any CPU
		{5894DFEC-EF61-2480-9DAA-21D1A8B78C71}.Release|Any CPU.Build.0 = Release|Any CPU
		{8DCF8FE3-CDA6-A804-E9B9-51B9C3B35FE2}.Debug|Any CPU.ActiveCfg = Debug|Any CPU
		{8DCF8FE3-CDA6-A804-E9B9-51B9C3B35FE2}.Debug|Any CPU.Build.0 = Debug|Any CPU
		{8DCF8FE3-CDA6-A804-E9B9-51B9C3B35FE2}.Release|Any CPU.ActiveCfg = Release|Any CPU
		{8DCF8FE3-CDA6-A804-E9B9-51B9C3B35FE2}.Release|Any CPU.Build.0 = Release|Any CPU
		{9316BD32-A26D-CC36-9E4B-83FE24D5BA39}.Debug|Any CPU.ActiveCfg = Debug|Any CPU
		{9316BD32-A26D-CC36-9E4B-83FE24D5BA39}.Debug|Any CPU.Build.0 = Debug|Any CPU
		{9316BD32-A26D-CC36-9E4B-83FE24D5BA39}.Release|Any CPU.ActiveCfg = Release|Any CPU
		{9316BD32-A26D-CC36-9E4B-83FE24D5BA39}.Release|Any CPU.Build.0 = Release|Any CPU
		{6422DC23-783E-65F1-9EFC-9C43920F84FC}.Debug|Any CPU.ActiveCfg = Debug|Any CPU
		{6422DC23-783E-65F1-9EFC-9C43920F84FC}.Debug|Any CPU.Build.0 = Debug|Any CPU
		{6422DC23-783E-65F1-9EFC-9C43920F84FC}.Release|Any CPU.ActiveCfg = Release|Any CPU
		{6422DC23-783E-65F1-9EFC-9C43920F84FC}.Release|Any CPU.Build.0 = Release|Any CPU
		{11345785-5597-A690-39DA-264BBB618C10}.Debug|Any CPU.ActiveCfg = Debug|Any CPU
		{11345785-5597-A690-39DA-264BBB618C10}.Debug|Any CPU.Build.0 = Debug|Any CPU
		{11345785-5597-A690-39DA-264BBB618C10}.Release|Any CPU.ActiveCfg = Release|Any CPU
		{11345785-5597-A690-39DA-264BBB618C10}.Release|Any CPU.Build.0 = Release|Any CPU
		{CE1CB3BD-25DA-537B-7098-DF1B7706A37B}.Debug|Any CPU.ActiveCfg = Debug|Any CPU
		{CE1CB3BD-25DA-537B-7098-DF1B7706A37B}.Debug|Any CPU.Build.0 = Debug|Any CPU
		{CE1CB3BD-25DA-537B-7098-DF1B7706A37B}.Release|Any CPU.ActiveCfg = Release|Any CPU
		{CE1CB3BD-25DA-537B-7098-DF1B7706A37B}.Release|Any CPU.Build.0 = Release|Any CPU
		{DCAC4727-3D8E-B422-324E-07FEE04F15BF}.Debug|Any CPU.ActiveCfg = Debug|Any CPU
		{DCAC4727-3D8E-B422-324E-07FEE04F15BF}.Debug|Any CPU.Build.0 = Debug|Any CPU
		{DCAC4727-3D8E-B422-324E-07FEE04F15BF}.Release|Any CPU.ActiveCfg = Release|Any CPU
		{DCAC4727-3D8E-B422-324E-07FEE04F15BF}.Release|Any CPU.Build.0 = Release|Any CPU
	EndGlobalSection
	GlobalSection(SolutionProperties) = preSolution
		HideSolutionNode = FALSE
	EndGlobalSection
	GlobalSection(NestedProjects) = preSolution
		{164165F7-3E7A-4971-BAE5-0C94922F797B} = {02EA681E-C7D8-13C7-8484-4AC65E1B71E8}
		{3971FE76-FA05-4E2B-BFE8-E7BF64C475C1} = {02EA681E-C7D8-13C7-8484-4AC65E1B71E8}
		{36928E95-15B1-4869-8359-E8FC5E4816A1} = {02EA681E-C7D8-13C7-8484-4AC65E1B71E8}
		{CE351F44-D06C-4906-8C69-08E9E65B6FFB} = {02EA681E-C7D8-13C7-8484-4AC65E1B71E8}
		{FF3F5261-0D71-4CCD-925B-D7A6AC900068} = {02EA681E-C7D8-13C7-8484-4AC65E1B71E8}
		{3F196A7D-A22A-4DA3-8500-702AB0F1F398} = {02EA681E-C7D8-13C7-8484-4AC65E1B71E8}
		{0ABBD9F6-068A-4696-B4E1-B83303BF1509} = {7C6E3D9B-EDC7-4092-9643-1B6C1BB21E25}
		{4DB55BCD-A392-4E32-9E3B-CDE617095E17} = {7C6E3D9B-EDC7-4092-9643-1B6C1BB21E25}
		{EC39CA9E-4DB6-4747-9504-C5930713912B} = {7C6E3D9B-EDC7-4092-9643-1B6C1BB21E25}
		{2F13B23E-B5F4-4610-A866-E33514D5B048} = {0ABBD9F6-068A-4696-B4E1-B83303BF1509}
		{1535E58C-8CD7-4748-941A-E58DD76D97CF} = {4DB55BCD-A392-4E32-9E3B-CDE617095E17}
		{AD0B5F3C-6B8C-460F-6A5D-929777EEA60A} = {EC39CA9E-4DB6-4747-9504-C5930713912B}
		{22034D69-FEFC-4A21-1895-7E0A4DC959B8} = {164165F7-3E7A-4971-BAE5-0C94922F797B}
		{5894DFEC-EF61-2480-9DAA-21D1A8B78C71} = {164165F7-3E7A-4971-BAE5-0C94922F797B}
		{8DCF8FE3-CDA6-A804-E9B9-51B9C3B35FE2} = {164165F7-3E7A-4971-BAE5-0C94922F797B}
		{9316BD32-A26D-CC36-9E4B-83FE24D5BA39} = {3971FE76-FA05-4E2B-BFE8-E7BF64C475C1}
		{6422DC23-783E-65F1-9EFC-9C43920F84FC} = {36928E95-15B1-4869-8359-E8FC5E4816A1}
		{11345785-5597-A690-39DA-264BBB618C10} = {CE351F44-D06C-4906-8C69-08E9E65B6FFB}
		{CE1CB3BD-25DA-537B-7098-DF1B7706A37B} = {FF3F5261-0D71-4CCD-925B-D7A6AC900068}
		{DCAC4727-3D8E-B422-324E-07FEE04F15BF} = {3F196A7D-A22A-4DA3-8500-702AB0F1F398}
	EndGlobalSection
	GlobalSection(ExtensibilityGlobals) = postSolution
		SolutionGuid = {26DD9EA5-4F5E-4B91-97AC-DC6F1DAB598C}
	EndGlobalSection
EndGlobal
